
Microsoft Visual Studio Solution File, Format Version 12.00
# Visual Studio Version 16
VisualStudioVersion = 16.0.33328.57
MinimumVisualStudioVersion = 10.0.40219.1
Project("{8BC9CEB8-8B4A-11D0-8D11-00A0C91BC942}") = "multipewarisan", "ParadigmaOOP2_129\ParadigmaOOP2_129.vcxproj", "{B070656C-C011-4000-9ED5-6D61809B930F}"
EndProject
Project("{8BC9CEB8-8B4A-11D0-8D11-00A0C91BC942}") = "problemMultiWaris", "problemMultiWaris\problemMultiWaris.vcxproj", "{1354ECAA-F0CE-4D29-BDA1-2A5101414CDB}"
EndProject
Project("{8BC9CEB8-8B4A-11D0-8D11-00A0C91BC942}") = "solveMultiWaris", "solveMultiWaris\solveMultiWaris.vcxproj", "{2D9F7C21-FE43-4714-BD5E-AFDA5948BA1E}"
EndProject
Project("{8BC9CEB8-8B4A-11D0-8D11-00A0C91BC942}") = "polimorpi", "polimorpi\polimorpi.vcxproj", "{7184A517-9F85-403C-AFC1-976AA8761BCF}"
EndProject
Project("{8BC9CEB8-8B4A-11D0-8D11-00A0C91BC942}") = "noOverriding", "noOverriding\noOverriding.vcxproj", "{1BDBF223-6D2D-4596-8C58-85BCB9DA8462}"
EndProject
Project("{8BC9CEB8-8B4A-11D0-8D11-00A0C91BC942}") = "NoPewarisan", "NoPewarisan\NoPewarisan.vcxproj", "{3B7E554D-6B69-40E4-B813-D9F6BB8A9488}"
EndProject
Global
	GlobalSection(SolutionConfigurationPlatforms) = preSolution
		Debug|x64 = Debug|x64
		Debug|x86 = Debug|x86
		Release|x64 = Release|x64
		Release|x86 = Release|x86
	EndGlobalSection
	GlobalSection(ProjectConfigurationPlatforms) = postSolution
		{B070656C-C011-4000-9ED5-6D61809B930F}.Debug|x64.ActiveCfg = Debug|x64
		{B070656C-C011-4000-9ED5-6D61809B930F}.Debug|x64.Build.0 = Debug|x64
		{B070656C-C011-4000-9ED5-6D61809B930F}.Debug|x86.ActiveCfg = Debug|Win32
		{B070656C-C011-4000-9ED5-6D61809B930F}.Debug|x86.Build.0 = Debug|Win32
		{B070656C-C011-4000-9ED5-6D61809B930F}.Release|x64.ActiveCfg = Release|x64
		{B070656C-C011-4000-9ED5-6D61809B930F}.Release|x64.Build.0 = Release|x64
		{B070656C-C011-4000-9ED5-6D61809B930F}.Release|x86.ActiveCfg = Release|Win32
		{B070656C-C011-4000-9ED5-6D61809B930F}.Release|x86.Build.0 = Release|Win32
		{1354ECAA-F0CE-4D29-BDA1-2A5101414CDB}.Debug|x64.ActiveCfg = Debug|x64
		{1354ECAA-F0CE-4D29-BDA1-2A5101414CDB}.Debug|x64.Build.0 = Debug|x64
		{1354ECAA-F0CE-4D29-BDA1-2A5101414CDB}.Debug|x86.ActiveCfg = Debug|Win32
		{1354ECAA-F0CE-4D29-BDA1-2A5101414CDB}.Debug|x86.Build.0 = Debug|Win32
		{1354ECAA-F0CE-4D29-BDA1-2A5101414CDB}.Release|x64.ActiveCfg = Release|x64
		{1354ECAA-F0CE-4D29-BDA1-2A5101414CDB}.Release|x64.Build.0 = Release|x64
		{1354ECAA-F0CE-4D29-BDA1-2A5101414CDB}.Release|x86.ActiveCfg = Release|Win32
		{1354ECAA-F0CE-4D29-BDA1-2A5101414CDB}.Release|x86.Build.0 = Release|Win32
		{2D9F7C21-FE43-4714-BD5E-AFDA5948BA1E}.Debug|x64.ActiveCfg = Debug|x64
		{2D9F7C21-FE43-4714-BD5E-AFDA5948BA1E}.Debug|x64.Build.0 = Debug|x64
		{2D9F7C21-FE43-4714-BD5E-AFDA5948BA1E}.Debug|x86.ActiveCfg = Debug|Win32
		{2D9F7C21-FE43-4714-BD5E-AFDA5948BA1E}.Debug|x86.Build.0 = Debug|Win32
		{2D9F7C21-FE43-4714-BD5E-AFDA5948BA1E}.Release|x64.ActiveCfg = Release|x64
		{2D9F7C21-FE43-4714-BD5E-AFDA5948BA1E}.Release|x64.Build.0 = Release|x64
		{2D9F7C21-FE43-4714-BD5E-AFDA5948BA1E}.Release|x86.ActiveCfg = Release|Win32
		{2D9F7C21-FE43-4714-BD5E-AFDA5948BA1E}.Release|x86.Build.0 = Release|Win32
		{7184A517-9F85-403C-AFC1-976AA8761BCF}.Debug|x64.ActiveCfg = Debug|x64
		{7184A517-9F85-403C-AFC1-976AA8761BCF}.Debug|x64.Build.0 = Debug|x64
		{7184A517-9F85-403C-AFC1-976AA8761BCF}.Debug|x86.ActiveCfg = Debug|Win32
		{7184A517-9F85-403C-AFC1-976AA8761BCF}.Debug|x86.Build.0 = Debug|Win32
		{7184A517-9F85-403C-AFC1-976AA8761BCF}.Release|x64.ActiveCfg = Release|x64
		{7184A517-9F85-403C-AFC1-976AA8761BCF}.Release|x64.Build.0 = Release|x64
		{7184A517-9F85-403C-AFC1-976AA8761BCF}.Release|x86.ActiveCfg = Release|Win32
		{7184A517-9F85-403C-AFC1-976AA8761BCF}.Release|x86.Build.0 = Release|Win32
		{1BDBF223-6D2D-4596-8C58-85BCB9DA8462}.Debug|x64.ActiveCfg = Debug|x64
		{1BDBF223-6D2D-4596-8C58-85BCB9DA8462}.Debug|x64.Build.0 = Debug|x64
		{1BDBF223-6D2D-4596-8C58-85BCB9DA8462}.Debug|x86.ActiveCfg = Debug|Win32
		{1BDBF223-6D2D-4596-8C58-85BCB9DA8462}.Debug|x86.Build.0 = Debug|Win32
		{1BDBF223-6D2D-4596-8C58-85BCB9DA8462}.Release|x64.ActiveCfg = Release|x64
		{1BDBF223-6D2D-4596-8C58-85BCB9DA8462}.Release|x64.Build.0 = Release|x64
		{1BDBF223-6D2D-4596-8C58-85BCB9DA8462}.Release|x86.ActiveCfg = Release|Win32
		{1BDBF223-6D2D-4596-8C58-85BCB9DA8462}.Release|x86.Build.0 = Release|Win32
		{3B7E554D-6B69-40E4-B813-D9F6BB8A9488}.Debug|x64.ActiveCfg = Debug|x64
		{3B7E554D-6B69-40E4-B813-D9F6BB8A9488}.Debug|x64.Build.0 = Debug|x64
		{3B7E554D-6B69-40E4-B813-D9F6BB8A9488}.Debug|x86.ActiveCfg = Debug|Win32
		{3B7E554D-6B69-40E4-B813-D9F6BB8A9488}.Debug|x86.Build.0 = Debug|Win32
		{3B7E554D-6B69-40E4-B813-D9F6BB8A9488}.Release|x64.ActiveCfg = Release|x64
		{3B7E554D-6B69-40E4-B813-D9F6BB8A9488}.Release|x64.Build.0 = Release|x64
		{3B7E554D-6B69-40E4-B813-D9F6BB8A9488}.Release|x86.ActiveCfg = Release|Win32
		{3B7E554D-6B69-40E4-B813-D9F6BB8A9488}.Release|x86.Build.0 = Release|Win32
	EndGlobalSection
	GlobalSection(SolutionProperties) = preSolution
		HideSolutionNode = FALSE
	EndGlobalSection
	GlobalSection(ExtensibilityGlobals) = postSolution
		SolutionGuid = {AB5CD9E6-7D97-4E1C-AEE8-6457A10C636A}
	EndGlobalSection
EndGlobal
